// !$*UTF8*$!
{
	archiveVersion = 1;
	classes = {
	};
	objectVersion = 56;
	objects = {

/* Begin PBXBuildFile section */
		6186EAB52B6394310035B34D /* AppDelegate.swift in Sources */ = {isa = PBXBuildFile; fileRef = 6186EAB42B6394310035B34D /* AppDelegate.swift */; };
		6186EAB72B6394310035B34D /* SceneDelegate.swift in Sources */ = {isa = PBXBuildFile; fileRef = 6186EAB62B6394310035B34D /* SceneDelegate.swift */; };
		6186EAB92B6394310035B34D /* TrendsViewController.swift in Sources */ = {isa = PBXBuildFile; fileRef = 6186EAB82B6394310035B34D /* TrendsViewController.swift */; };
		6186EABE2B6394330035B34D /* Assets.xcassets in Resources */ = {isa = PBXBuildFile; fileRef = 6186EABD2B6394330035B34D /* Assets.xcassets */; };
		6186EAC12B6394330035B34D /* LaunchScreen.storyboard in Resources */ = {isa = PBXBuildFile; fileRef = 6186EABF2B6394330035B34D /* LaunchScreen.storyboard */; };
		6186EAC92B639A250035B34D /* TrendsViewModel.swift in Sources */ = {isa = PBXBuildFile; fileRef = 6186EAC82B639A250035B34D /* TrendsViewModel.swift */; };
		6186EACD2B639CB70035B34D /* Observable.swift in Sources */ = {isa = PBXBuildFile; fileRef = 6186EACC2B639CB70035B34D /* Observable.swift */; };
		6186EACF2B639CCF0035B34D /* SFNSExpanded-Bold.ttf in Resources */ = {isa = PBXBuildFile; fileRef = 6186EACE2B639CCF0035B34D /* SFNSExpanded-Bold.ttf */; };
		6186EAD12B639CFE0035B34D /* UITableViewCell+Ext.swift in Sources */ = {isa = PBXBuildFile; fileRef = 6186EAD02B639CFE0035B34D /* UITableViewCell+Ext.swift */; };
		6186EAD32B639D220035B34D /* UIColor+Ext.swift in Sources */ = {isa = PBXBuildFile; fileRef = 6186EAD22B639D220035B34D /* UIColor+Ext.swift */; };
		6186EAD52B639D3A0035B34D /* String+Ext.swift in Sources */ = {isa = PBXBuildFile; fileRef = 6186EAD42B639D3A0035B34D /* String+Ext.swift */; };
		6186EAD72B639D5E0035B34D /* UIStackView+Ext.swift in Sources */ = {isa = PBXBuildFile; fileRef = 6186EAD62B639D5E0035B34D /* UIStackView+Ext.swift */; };
		6186EADA2B639D9E0035B34D /* CoinModel.swift in Sources */ = {isa = PBXBuildFile; fileRef = 6186EAD92B639D9E0035B34D /* CoinModel.swift */; };
		6186EADD2B639E910035B34D /* NetworkClient.swift in Sources */ = {isa = PBXBuildFile; fileRef = 6186EADC2B639E910035B34D /* NetworkClient.swift */; };
		6186EADF2B639EB00035B34D /* NetworkRequest.swift in Sources */ = {isa = PBXBuildFile; fileRef = 6186EADE2B639EB00035B34D /* NetworkRequest.swift */; };
		6186EAE12B639EC80035B34D /* NetworkTask.swift in Sources */ = {isa = PBXBuildFile; fileRef = 6186EAE02B639EC80035B34D /* NetworkTask.swift */; };
		6186EAE42B639EF50035B34D /* CoinService.swift in Sources */ = {isa = PBXBuildFile; fileRef = 6186EAE32B639EF50035B34D /* CoinService.swift */; };
/* End PBXBuildFile section */

/* Begin PBXFileReference section */
		6186EAB12B6394310035B34D /* cryptoTrends.app */ = {isa = PBXFileReference; explicitFileType = wrapper.application; includeInIndex = 0; path = cryptoTrends.app; sourceTree = BUILT_PRODUCTS_DIR; };
		6186EAB42B6394310035B34D /* AppDelegate.swift */ = {isa = PBXFileReference; lastKnownFileType = sourcecode.swift; path = AppDelegate.swift; sourceTree = "<group>"; };
		6186EAB62B6394310035B34D /* SceneDelegate.swift */ = {isa = PBXFileReference; lastKnownFileType = sourcecode.swift; path = SceneDelegate.swift; sourceTree = "<group>"; };
		6186EAB82B6394310035B34D /* TrendsViewController.swift */ = {isa = PBXFileReference; lastKnownFileType = sourcecode.swift; path = TrendsViewController.swift; sourceTree = "<group>"; };
		6186EABD2B6394330035B34D /* Assets.xcassets */ = {isa = PBXFileReference; lastKnownFileType = folder.assetcatalog; path = Assets.xcassets; sourceTree = "<group>"; };
		6186EAC02B6394330035B34D /* Base */ = {isa = PBXFileReference; lastKnownFileType = file.storyboard; name = Base; path = Base.lproj/LaunchScreen.storyboard; sourceTree = "<group>"; };
		6186EAC22B6394330035B34D /* Info.plist */ = {isa = PBXFileReference; lastKnownFileType = text.plist.xml; path = Info.plist; sourceTree = "<group>"; };
		6186EAC82B639A250035B34D /* TrendsViewModel.swift */ = {isa = PBXFileReference; lastKnownFileType = sourcecode.swift; path = TrendsViewModel.swift; sourceTree = "<group>"; };
		6186EACC2B639CB70035B34D /* Observable.swift */ = {isa = PBXFileReference; lastKnownFileType = sourcecode.swift; path = Observable.swift; sourceTree = "<group>"; };
		6186EACE2B639CCF0035B34D /* SFNSExpanded-Bold.ttf */ = {isa = PBXFileReference; lastKnownFileType = file; path = "SFNSExpanded-Bold.ttf"; sourceTree = "<group>"; };
		6186EAD02B639CFE0035B34D /* UITableViewCell+Ext.swift */ = {isa = PBXFileReference; lastKnownFileType = sourcecode.swift; path = "UITableViewCell+Ext.swift"; sourceTree = "<group>"; };
		6186EAD22B639D220035B34D /* UIColor+Ext.swift */ = {isa = PBXFileReference; lastKnownFileType = sourcecode.swift; path = "UIColor+Ext.swift"; sourceTree = "<group>"; };
		6186EAD42B639D3A0035B34D /* String+Ext.swift */ = {isa = PBXFileReference; lastKnownFileType = sourcecode.swift; path = "String+Ext.swift"; sourceTree = "<group>"; };
		6186EAD62B639D5E0035B34D /* UIStackView+Ext.swift */ = {isa = PBXFileReference; lastKnownFileType = sourcecode.swift; path = "UIStackView+Ext.swift"; sourceTree = "<group>"; };
		6186EAD92B639D9E0035B34D /* CoinModel.swift */ = {isa = PBXFileReference; lastKnownFileType = sourcecode.swift; path = CoinModel.swift; sourceTree = "<group>"; };
		6186EADC2B639E910035B34D /* NetworkClient.swift */ = {isa = PBXFileReference; lastKnownFileType = sourcecode.swift; path = NetworkClient.swift; sourceTree = "<group>"; };
		6186EADE2B639EB00035B34D /* NetworkRequest.swift */ = {isa = PBXFileReference; lastKnownFileType = sourcecode.swift; path = NetworkRequest.swift; sourceTree = "<group>"; };
		6186EAE02B639EC80035B34D /* NetworkTask.swift */ = {isa = PBXFileReference; lastKnownFileType = sourcecode.swift; path = NetworkTask.swift; sourceTree = "<group>"; };
		6186EAE32B639EF50035B34D /* CoinService.swift */ = {isa = PBXFileReference; lastKnownFileType = sourcecode.swift; path = CoinService.swift; sourceTree = "<group>"; };
/* End PBXFileReference section */

/* Begin PBXFrameworksBuildPhase section */
		6186EAAE2B6394310035B34D /* Frameworks */ = {
			isa = PBXFrameworksBuildPhase;
			buildActionMask = 2147483647;
			files = (
			);
			runOnlyForDeploymentPostprocessing = 0;
		};
/* End PBXFrameworksBuildPhase section */

/* Begin PBXGroup section */
		6186EAA82B6394310035B34D = {
			isa = PBXGroup;
			children = (
				6186EAB32B6394310035B34D /* cryptoTrends */,
				6186EAB22B6394310035B34D /* Products */,
			);
			sourceTree = "<group>";
		};
		6186EAB22B6394310035B34D /* Products */ = {
			isa = PBXGroup;
			children = (
				6186EAB12B6394310035B34D /* cryptoTrends.app */,
			);
			name = Products;
			sourceTree = "<group>";
		};
		6186EAB32B6394310035B34D /* cryptoTrends */ = {
			isa = PBXGroup;
			children = (
				6186EACA2B639A2D0035B34D /* Trends */,
				6186EAD82B639D8B0035B34D /* Models */,
				6186EADB2B639E780035B34D /* NetworkClient */,
				6186EAE22B639EE10035B34D /* Services */,
				6186EACB2B639C900035B34D /* Helpers */,
				6186EAB42B6394310035B34D /* AppDelegate.swift */,
				6186EAB62B6394310035B34D /* SceneDelegate.swift */,
				6186EABD2B6394330035B34D /* Assets.xcassets */,
				6186EABF2B6394330035B34D /* LaunchScreen.storyboard */,
				6186EAC22B6394330035B34D /* Info.plist */,
			);
			path = cryptoTrends;
			sourceTree = "<group>";
		};
		6186EACA2B639A2D0035B34D /* Trends */ = {
			isa = PBXGroup;
			children = (
				6186EAB82B6394310035B34D /* TrendsViewController.swift */,
				6186EAC82B639A250035B34D /* TrendsViewModel.swift */,
			);
			path = Trends;
			sourceTree = "<group>";
		};
		6186EACB2B639C900035B34D /* Helpers */ = {
			isa = PBXGroup;
			children = (
				6186EACC2B639CB70035B34D /* Observable.swift */,
				6186EACE2B639CCF0035B34D /* SFNSExpanded-Bold.ttf */,
				6186EAD02B639CFE0035B34D /* UITableViewCell+Ext.swift */,
				6186EAD22B639D220035B34D /* UIColor+Ext.swift */,
				6186EAD42B639D3A0035B34D /* String+Ext.swift */,
				6186EAD62B639D5E0035B34D /* UIStackView+Ext.swift */,
			);
			path = Helpers;
			sourceTree = "<group>";
		};
		6186EAD82B639D8B0035B34D /* Models */ = {
			isa = PBXGroup;
			children = (
				6186EAD92B639D9E0035B34D /* CoinModel.swift */,
			);
			path = Models;
			sourceTree = "<group>";
		};
		6186EADB2B639E780035B34D /* NetworkClient */ = {
			isa = PBXGroup;
			children = (
				6186EADC2B639E910035B34D /* NetworkClient.swift */,
				6186EADE2B639EB00035B34D /* NetworkRequest.swift */,
				6186EAE02B639EC80035B34D /* NetworkTask.swift */,
			);
			path = NetworkClient;
			sourceTree = "<group>";
		};
		6186EAE22B639EE10035B34D /* Services */ = {
			isa = PBXGroup;
			children = (
				6186EAE32B639EF50035B34D /* CoinService.swift */,
			);
			path = Services;
			sourceTree = "<group>";
		};
/* End PBXGroup section */

/* Begin PBXNativeTarget section */
		6186EAB02B6394310035B34D /* cryptoTrends */ = {
			isa = PBXNativeTarget;
			buildConfigurationList = 6186EAC52B6394330035B34D /* Build configuration list for PBXNativeTarget "cryptoTrends" */;
			buildPhases = (
				6186EAAD2B6394310035B34D /* Sources */,
				6186EAAE2B6394310035B34D /* Frameworks */,
				6186EAAF2B6394310035B34D /* Resources */,
			);
			buildRules = (
			);
			dependencies = (
			);
			name = cryptoTrends;
			productName = cryptoTrends;
			productReference = 6186EAB12B6394310035B34D /* cryptoTrends.app */;
			productType = "com.apple.product-type.application";
		};
/* End PBXNativeTarget section */

/* Begin PBXProject section */
		6186EAA92B6394310035B34D /* Project object */ = {
			isa = PBXProject;
			attributes = {
				BuildIndependentTargetsInParallel = 1;
				LastSwiftUpdateCheck = 1520;
				LastUpgradeCheck = 1520;
				TargetAttributes = {
					6186EAB02B6394310035B34D = {
						CreatedOnToolsVersion = 15.2;
					};
				};
			};
			buildConfigurationList = 6186EAAC2B6394310035B34D /* Build configuration list for PBXProject "cryptoTrends" */;
			compatibilityVersion = "Xcode 14.0";
			developmentRegion = en;
			hasScannedForEncodings = 0;
			knownRegions = (
				en,
				Base,
			);
			mainGroup = 6186EAA82B6394310035B34D;
			productRefGroup = 6186EAB22B6394310035B34D /* Products */;
			projectDirPath = "";
			projectRoot = "";
			targets = (
				6186EAB02B6394310035B34D /* cryptoTrends */,
			);
		};
/* End PBXProject section */

/* Begin PBXResourcesBuildPhase section */
		6186EAAF2B6394310035B34D /* Resources */ = {
			isa = PBXResourcesBuildPhase;
			buildActionMask = 2147483647;
			files = (
				6186EACF2B639CCF0035B34D /* SFNSExpanded-Bold.ttf in Resources */,
				6186EAC12B6394330035B34D /* LaunchScreen.storyboard in Resources */,
				6186EABE2B6394330035B34D /* Assets.xcassets in Resources */,
			);
			runOnlyForDeploymentPostprocessing = 0;
		};
/* End PBXResourcesBuildPhase section */

/* Begin PBXSourcesBuildPhase section */
		6186EAAD2B6394310035B34D /* Sources */ = {
			isa = PBXSourcesBuildPhase;
			buildActionMask = 2147483647;
			files = (
				6186EADA2B639D9E0035B34D /* CoinModel.swift in Sources */,
				6186EAD32B639D220035B34D /* UIColor+Ext.swift in Sources */,
				6186EAC92B639A250035B34D /* TrendsViewModel.swift in Sources */,
				6186EADD2B639E910035B34D /* NetworkClient.swift in Sources */,
				6186EAD12B639CFE0035B34D /* UITableViewCell+Ext.swift in Sources */,
				6186EACD2B639CB70035B34D /* Observable.swift in Sources */,
				6186EAB92B6394310035B34D /* TrendsViewController.swift in Sources */,
				6186EAB52B6394310035B34D /* AppDelegate.swift in Sources */,
				6186EAD72B639D5E0035B34D /* UIStackView+Ext.swift in Sources */,
				6186EAE12B639EC80035B34D /* NetworkTask.swift in Sources */,
				6186EAD52B639D3A0035B34D /* String+Ext.swift in Sources */,
				6186EADF2B639EB00035B34D /* NetworkRequest.swift in Sources */,
				6186EAE42B639EF50035B34D /* CoinService.swift in Sources */,
				6186EAB72B6394310035B34D /* SceneDelegate.swift in Sources */,
			);
			runOnlyForDeploymentPostprocessing = 0;
		};
/* End PBXSourcesBuildPhase section */

/* Begin PBXVariantGroup section */
		6186EABF2B6394330035B34D /* LaunchScreen.storyboard */ = {
			isa = PBXVariantGroup;
			children = (
				6186EAC02B6394330035B34D /* Base */,
			);
			name = LaunchScreen.storyboard;
			sourceTree = "<group>";
		};
/* End PBXVariantGroup section */

/* Begin XCBuildConfiguration section */
		6186EAC32B6394330035B34D /* Debug */ = {
			isa = XCBuildConfiguration;
			buildSettings = {
				ALWAYS_SEARCH_USER_PATHS = NO;
				ASSETCATALOG_COMPILER_GENERATE_SWIFT_ASSET_SYMBOL_EXTENSIONS = YES;
				CLANG_ANALYZER_NONNULL = YES;
				CLANG_ANALYZER_NUMBER_OBJECT_CONVERSION = YES_AGGRESSIVE;
				CLANG_CXX_LANGUAGE_STANDARD = "gnu++20";
				CLANG_ENABLE_MODULES = YES;
				CLANG_ENABLE_OBJC_ARC = YES;
				CLANG_ENABLE_OBJC_WEAK = YES;
				CLANG_WARN_BLOCK_CAPTURE_AUTORELEASING = YES;
				CLANG_WARN_BOOL_CONVERSION = YES;
				CLANG_WARN_COMMA = YES;
				CLANG_WARN_CONSTANT_CONVERSION = YES;
				CLANG_WARN_DEPRECATED_OBJC_IMPLEMENTATIONS = YES;
				CLANG_WARN_DIRECT_OBJC_ISA_USAGE = YES_ERROR;
				CLANG_WARN_DOCUMENTATION_COMMENTS = YES;
				CLANG_WARN_EMPTY_BODY = YES;
				CLANG_WARN_ENUM_CONVERSION = YES;
				CLANG_WARN_INFINITE_RECURSION = YES;
				CLANG_WARN_INT_CONVERSION = YES;
				CLANG_WARN_NON_LITERAL_NULL_CONVERSION = YES;
				CLANG_WARN_OBJC_IMPLICIT_RETAIN_SELF = YES;
				CLANG_WARN_OBJC_LITERAL_CONVERSION = YES;
				CLANG_WARN_OBJC_ROOT_CLASS = YES_ERROR;
				CLANG_WARN_QUOTED_INCLUDE_IN_FRAMEWORK_HEADER = YES;
				CLANG_WARN_RANGE_LOOP_ANALYSIS = YES;
				CLANG_WARN_STRICT_PROTOTYPES = YES;
				CLANG_WARN_SUSPICIOUS_MOVE = YES;
				CLANG_WARN_UNGUARDED_AVAILABILITY = YES_AGGRESSIVE;
				CLANG_WARN_UNREACHABLE_CODE = YES;
				CLANG_WARN__DUPLICATE_METHOD_MATCH = YES;
				COPY_PHASE_STRIP = NO;
				DEBUG_INFORMATION_FORMAT = dwarf;
				ENABLE_STRICT_OBJC_MSGSEND = YES;
				ENABLE_TESTABILITY = YES;
				ENABLE_USER_SCRIPT_SANDBOXING = YES;
				GCC_C_LANGUAGE_STANDARD = gnu17;
				GCC_DYNAMIC_NO_PIC = NO;
				GCC_NO_COMMON_BLOCKS = YES;
				GCC_OPTIMIZATION_LEVEL = 0;
				GCC_PREPROCESSOR_DEFINITIONS = (
					"DEBUG=1",
					"$(inherited)",
				);
				GCC_WARN_64_TO_32_BIT_CONVERSION = YES;
				GCC_WARN_ABOUT_RETURN_TYPE = YES_ERROR;
				GCC_WARN_UNDECLARED_SELECTOR = YES;
				GCC_WARN_UNINITIALIZED_AUTOS = YES_AGGRESSIVE;
				GCC_WARN_UNUSED_FUNCTION = YES;
				GCC_WARN_UNUSED_VARIABLE = YES;
				IPHONEOS_DEPLOYMENT_TARGET = 13.0;
				LOCALIZATION_PREFERS_STRING_CATALOGS = YES;
				MTL_ENABLE_DEBUG_INFO = INCLUDE_SOURCE;
				MTL_FAST_MATH = YES;
				ONLY_ACTIVE_ARCH = YES;
				SDKROOT = iphoneos;
				SWIFT_ACTIVE_COMPILATION_CONDITIONS = "DEBUG $(inherited)";
				SWIFT_OPTIMIZATION_LEVEL = "-Onone";
			};
			name = Debug;
		};
		6186EAC42B6394330035B34D /* Release */ = {
			isa = XCBuildConfiguration;
			buildSettings = {
				ALWAYS_SEARCH_USER_PATHS = NO;
				ASSETCATALOG_COMPILER_GENERATE_SWIFT_ASSET_SYMBOL_EXTENSIONS = YES;
				CLANG_ANALYZER_NONNULL = YES;
				CLANG_ANALYZER_NUMBER_OBJECT_CONVERSION = YES_AGGRESSIVE;
				CLANG_CXX_LANGUAGE_STANDARD = "gnu++20";
				CLANG_ENABLE_MODULES = YES;
				CLANG_ENABLE_OBJC_ARC = YES;
				CLANG_ENABLE_OBJC_WEAK = YES;
				CLANG_WARN_BLOCK_CAPTURE_AUTORELEASING = YES;
				CLANG_WARN_BOOL_CONVERSION = YES;
				CLANG_WARN_COMMA = YES;
				CLANG_WARN_CONSTANT_CONVERSION = YES;
				CLANG_WARN_DEPRECATED_OBJC_IMPLEMENTATIONS = YES;
				CLANG_WARN_DIRECT_OBJC_ISA_USAGE = YES_ERROR;
				CLANG_WARN_DOCUMENTATION_COMMENTS = YES;
				CLANG_WARN_EMPTY_BODY = YES;
				CLANG_WARN_ENUM_CONVERSION = YES;
				CLANG_WARN_INFINITE_RECURSION = YES;
				CLANG_WARN_INT_CONVERSION = YES;
				CLANG_WARN_NON_LITERAL_NULL_CONVERSION = YES;
				CLANG_WARN_OBJC_IMPLICIT_RETAIN_SELF = YES;
				CLANG_WARN_OBJC_LITERAL_CONVERSION = YES;
				CLANG_WARN_OBJC_ROOT_CLASS = YES_ERROR;
				CLANG_WARN_QUOTED_INCLUDE_IN_FRAMEWORK_HEADER = YES;
				CLANG_WARN_RANGE_LOOP_ANALYSIS = YES;
				CLANG_WARN_STRICT_PROTOTYPES = YES;
				CLANG_WARN_SUSPICIOUS_MOVE = YES;
				CLANG_WARN_UNGUARDED_AVAILABILITY = YES_AGGRESSIVE;
				CLANG_WARN_UNREACHABLE_CODE = YES;
				CLANG_WARN__DUPLICATE_METHOD_MATCH = YES;
				COPY_PHASE_STRIP = NO;
				DEBUG_INFORMATION_FORMAT = "dwarf-with-dsym";
				ENABLE_NS_ASSERTIONS = NO;
				ENABLE_STRICT_OBJC_MSGSEND = YES;
				ENABLE_USER_SCRIPT_SANDBOXING = YES;
				GCC_C_LANGUAGE_STANDARD = gnu17;
				GCC_NO_COMMON_BLOCKS = YES;
				GCC_WARN_64_TO_32_BIT_CONVERSION = YES;
				GCC_WARN_ABOUT_RETURN_TYPE = YES_ERROR;
				GCC_WARN_UNDECLARED_SELECTOR = YES;
				GCC_WARN_UNINITIALIZED_AUTOS = YES_AGGRESSIVE;
				GCC_WARN_UNUSED_FUNCTION = YES;
				GCC_WARN_UNUSED_VARIABLE = YES;
				IPHONEOS_DEPLOYMENT_TARGET = 13.0;
				LOCALIZATION_PREFERS_STRING_CATALOGS = YES;
				MTL_ENABLE_DEBUG_INFO = NO;
				MTL_FAST_MATH = YES;
				SDKROOT = iphoneos;
				SWIFT_COMPILATION_MODE = wholemodule;
				VALIDATE_PRODUCT = YES;
			};
			name = Release;
		};
		6186EAC62B6394330035B34D /* Debug */ = {
			isa = XCBuildConfiguration;
			buildSettings = {
				ASSETCATALOG_COMPILER_APPICON_NAME = AppIcon;
				ASSETCATALOG_COMPILER_GLOBAL_ACCENT_COLOR_NAME = AccentColor;
				CODE_SIGN_STYLE = Automatic;
				CURRENT_PROJECT_VERSION = 1;
				DEVELOPMENT_TEAM = 4VR9A25JG8;
				GENERATE_INFOPLIST_FILE = YES;
				INFOPLIST_FILE = cryptoTrends/Info.plist;
				INFOPLIST_KEY_UIApplicationSupportsIndirectInputEvents = YES;
				INFOPLIST_KEY_UILaunchStoryboardName = LaunchScreen;
				INFOPLIST_KEY_UISupportedInterfaceOrientations = UIInterfaceOrientationPortrait;
				INFOPLIST_KEY_UISupportedInterfaceOrientations_iPad = "UIInterfaceOrientationLandscapeLeft UIInterfaceOrientationLandscapeRight UIInterfaceOrientationPortrait UIInterfaceOrientationPortraitUpsideDown";
				IPHONEOS_DEPLOYMENT_TARGET = 13.0;
				LD_RUNPATH_SEARCH_PATHS = (
					"$(inherited)",
					"@executable_path/Frameworks",
				);
				MARKETING_VERSION = 1.0;
				PRODUCT_BUNDLE_IDENTIFIER = com.shishmakovaDaria.practicum.cryptoTrends;
				PRODUCT_NAME = "$(TARGET_NAME)";
				SUPPORTED_PLATFORMS = "iphoneos iphonesimulator";
				SUPPORTS_MACCATALYST = NO;
				SUPPORTS_MAC_DESIGNED_FOR_IPHONE_IPAD = NO;
				SUPPORTS_XR_DESIGNED_FOR_IPHONE_IPAD = NO;
				SWIFT_EMIT_LOC_STRINGS = YES;
				SWIFT_VERSION = 5.0;
				TARGETED_DEVICE_FAMILY = 1;
			};
			name = Debug;
		};
		6186EAC72B6394330035B34D /* Release */ = {
			isa = XCBuildConfiguration;
			buildSettings = {
				ASSETCATALOG_COMPILER_APPICON_NAME = AppIcon;
				ASSETCATALOG_COMPILER_GLOBAL_ACCENT_COLOR_NAME = AccentColor;
				CODE_SIGN_STYLE = Automatic;
				CURRENT_PROJECT_VERSION = 1;
				DEVELOPMENT_TEAM = 4VR9A25JG8;
				GENERATE_INFOPLIST_FILE = YES;
				INFOPLIST_FILE = cryptoTrends/Info.plist;
				INFOPLIST_KEY_UIApplicationSupportsIndirectInputEvents = YES;
				INFOPLIST_KEY_UILaunchStoryboardName = LaunchScreen;
				INFOPLIST_KEY_UISupportedInterfaceOrientations = UIInterfaceOrientationPortrait;
				INFOPLIST_KEY_UISupportedInterfaceOrientations_iPad = "UIInterfaceOrientationLandscapeLeft UIInterfaceOrientationLandscapeRight UIInterfaceOrientationPortrait UIInterfaceOrientationPortraitUpsideDown";
				IPHONEOS_DEPLOYMENT_TARGET = 13.0;
				LD_RUNPATH_SEARCH_PATHS = (
					"$(inherited)",
					"@executable_path/Frameworks",
				);
				MARKETING_VERSION = 1.0;
				PRODUCT_BUNDLE_IDENTIFIER = com.shishmakovaDaria.practicum.cryptoTrends;
				PRODUCT_NAME = "$(TARGET_NAME)";
				SUPPORTED_PLATFORMS = "iphoneos iphonesimulator";
				SUPPORTS_MACCATALYST = NO;
				SUPPORTS_MAC_DESIGNED_FOR_IPHONE_IPAD = NO;
				SUPPORTS_XR_DESIGNED_FOR_IPHONE_IPAD = NO;
				SWIFT_EMIT_LOC_STRINGS = YES;
				SWIFT_VERSION = 5.0;
				TARGETED_DEVICE_FAMILY = 1;
			};
			name = Release;
		};
/* End XCBuildConfiguration section */

/* Begin XCConfigurationList section */
		6186EAAC2B6394310035B34D /* Build configuration list for PBXProject "cryptoTrends" */ = {
			isa = XCConfigurationList;
			buildConfigurations = (
				6186EAC32B6394330035B34D /* Debug */,
				6186EAC42B6394330035B34D /* Release */,
			);
			defaultConfigurationIsVisible = 0;
			defaultConfigurationName = Release;
		};
		6186EAC52B6394330035B34D /* Build configuration list for PBXNativeTarget "cryptoTrends" */ = {
			isa = XCConfigurationList;
			buildConfigurations = (
				6186EAC62B6394330035B34D /* Debug */,
				6186EAC72B6394330035B34D /* Release */,
			);
			defaultConfigurationIsVisible = 0;
			defaultConfigurationName = Release;
		};
/* End XCConfigurationList section */
	};
	rootObject = 6186EAA92B6394310035B34D /* Project object */;
}
